
Microsoft Visual Studio Solution File, Format Version 12.00
# Visual Studio Version 17
VisualStudioVersion = 17.5.002.0
MinimumVisualStudioVersion = 10.0.40219.1
Project("{9A19103F-16F7-4668-BE54-9A1E7A4F7556}") = "TestProject", "TestProject.csproj", "{D2169832-A953-44F9-8D13-863401E328F5}"
EndProject
Global
	GlobalSection(SolutionConfigurationPlatforms) = preSolution
		Debug|Any CPU = Debug|Any CPU
		Release|Any CPU = Release|Any CPU
	EndGlobalSection
	GlobalSection(ProjectConfigurationPlatforms) = postSolution
		{D2169832-A953-44F9-8D13-863401E328F5}.Debug|Any CPU.ActiveCfg = Debug|Any CPU
		{D2169832-A953-44F9-8D13-863401E328F5}.Debug|Any CPU.Build.0 = Debug|Any CPU
		{D2169832-A953-44F9-8D13-863401E328F5}.Release|Any CPU.ActiveCfg = Release|Any CPU
		{D2169832-A953-44F9-8D13-863401E328F5}.Release|Any CPU.Build.0 = Release|Any CPU
	EndGlobalSection
	GlobalSection(SolutionProperties) = preSolution
		HideSolutionNode = FALSE
	EndGlobalSection
	GlobalSection(ExtensibilityGlobals) = postSolution
		SolutionGuid = {85DC1A66-062E-4680-A30A-5FE923DE5479}
	EndGlobalSection
EndGlobal
